
Microsoft Visual Studio Solution File, Format Version 12.00
# Visual Studio Version 16
VisualStudioVersion = 16.0.33801.447
MinimumVisualStudioVersion = 10.0.40219.1
Project("{FAE04EC0-301F-11D3-BF4B-00C04F79EFBC}") = "Lesson01_ThietKeGiaoDien", "01.Lesson01_ThietKeGiaoDien\Lesson01_ThietKeGiaoDien.csproj", "{4EA70C90-A31D-44DA-9368-4EC90C11DD90}"
EndProject
Project("{FAE04EC0-301F-11D3-BF4B-00C04F79EFBC}") = "Lesson02_BindingCoBan", "02.Lesson02_BindingCoBan\Lesson02_BindingCoBan.csproj", "{7E9BEC44-C2AD-4344-954F-E06C575CC2A8}"
EndProject
Project("{FAE04EC0-301F-11D3-BF4B-00C04F79EFBC}") = "Lesson03_BindingNangCao", "03.Lesson03_BindingNangCao\Lesson03_BindingNangCao.csproj", "{AE83A012-EF75-4AAA-B471-C5D741A971D9}"
EndProject
Project("{FAE04EC0-301F-11D3-BF4B-00C04F79EFBC}") = "Lesson04_UserManager", "04.Lesson04_UserManager\Lesson04_UserManager.csproj", "{2E74CA63-4765-4A29-9581-F8684FB9D18C}"
EndProject
Project("{FAE04EC0-301F-11D3-BF4B-00C04F79EFBC}") = "Lesson05_QuanLyNhanVien", "05-Lesson05_QuanLyNhanVien\Lesson05_QuanLyNhanVien.csproj", "{81621B0B-B451-4951-8829-C714A170110E}"
EndProject
Project("{FAE04EC0-301F-11D3-BF4B-00C04F79EFBC}") = "Lesson08_AcadCOM", "Lesson08_AcadCOM\Lesson08_AcadCOM.csproj", "{F68F2B62-DC3E-453C-A7BC-54A788DECC99}"
EndProject
Project("{FAE04EC0-301F-11D3-BF4B-00C04F79EFBC}") = "Lesson09_AcadNET", "Lesson09_AcadNET\Lesson09_AcadNET.csproj", "{D91F67D9-A481-45FB-A63C-BBBCE1CD0D9C}"
EndProject
Project("{FAE04EC0-301F-11D3-BF4B-00C04F79EFBC}") = "Lesson11_EtabsNET", "Lesson11_EtabsNET\Lesson11_EtabsNET.csproj", "{476EFA25-8A85-4E03-A143-700ACF11542B}"
EndProject
Project("{FAE04EC0-301F-11D3-BF4B-00C04F79EFBC}") = "Lesson12_EtabsCOM", "Lesson12_EtabsCOM\Lesson12_EtabsCOM.csproj", "{97993A17-C0EE-4736-8561-0FF803148695}"
EndProject
Project("{FAE04EC0-301F-11D3-BF4B-00C04F79EFBC}") = "Lesson13_RevitP1", "Lesson13_Revit_P1\Lesson13_RevitP1.csproj", "{68150807-FC87-4086-B90B-F2D004C6F09F}"
EndProject
Project("{FAE04EC0-301F-11D3-BF4B-00C04F79EFBC}") = "Lesson13_RevitP1A", "Lesson13_RevitP1A\Lesson13_RevitP1A.csproj", "{11E62463-7E73-4CF5-939B-A0FE17EB77A5}"
EndProject
Project("{FAE04EC0-301F-11D3-BF4B-00C04F79EFBC}") = "Lesson09A_AcadNet_ViewPort", "Lesson09A_AcadNet_ViewPort\Lesson09A_AcadNet_ViewPort.csproj", "{96CA844B-A679-4634-B7C5-D727FF855B62}"
EndProject
Global
	GlobalSection(SolutionConfigurationPlatforms) = preSolution
		Debug|Any CPU = Debug|Any CPU
		Release|Any CPU = Release|Any CPU
	EndGlobalSection
	GlobalSection(ProjectConfigurationPlatforms) = postSolution
		{4EA70C90-A31D-44DA-9368-4EC90C11DD90}.Debug|Any CPU.ActiveCfg = Debug|Any CPU
		{4EA70C90-A31D-44DA-9368-4EC90C11DD90}.Debug|Any CPU.Build.0 = Debug|Any CPU
		{4EA70C90-A31D-44DA-9368-4EC90C11DD90}.Release|Any CPU.ActiveCfg = Release|Any CPU
		{4EA70C90-A31D-44DA-9368-4EC90C11DD90}.Release|Any CPU.Build.0 = Release|Any CPU
		{7E9BEC44-C2AD-4344-954F-E06C575CC2A8}.Debug|Any CPU.ActiveCfg = Debug|Any CPU
		{7E9BEC44-C2AD-4344-954F-E06C575CC2A8}.Debug|Any CPU.Build.0 = Debug|Any CPU
		{7E9BEC44-C2AD-4344-954F-E06C575CC2A8}.Release|Any CPU.ActiveCfg = Release|Any CPU
		{7E9BEC44-C2AD-4344-954F-E06C575CC2A8}.Release|Any CPU.Build.0 = Release|Any CPU
		{AE83A012-EF75-4AAA-B471-C5D741A971D9}.Debug|Any CPU.ActiveCfg = Debug|Any CPU
		{AE83A012-EF75-4AAA-B471-C5D741A971D9}.Debug|Any CPU.Build.0 = Debug|Any CPU
		{AE83A012-EF75-4AAA-B471-C5D741A971D9}.Release|Any CPU.ActiveCfg = Release|Any CPU
		{AE83A012-EF75-4AAA-B471-C5D741A971D9}.Release|Any CPU.Build.0 = Release|Any CPU
		{2E74CA63-4765-4A29-9581-F8684FB9D18C}.Debug|Any CPU.ActiveCfg = Debug|Any CPU
		{2E74CA63-4765-4A29-9581-F8684FB9D18C}.Debug|Any CPU.Build.0 = Debug|Any CPU
		{2E74CA63-4765-4A29-9581-F8684FB9D18C}.Release|Any CPU.ActiveCfg = Release|Any CPU
		{2E74CA63-4765-4A29-9581-F8684FB9D18C}.Release|Any CPU.Build.0 = Release|Any CPU
		{81621B0B-B451-4951-8829-C714A170110E}.Debug|Any CPU.ActiveCfg = Debug|Any CPU
		{81621B0B-B451-4951-8829-C714A170110E}.Debug|Any CPU.Build.0 = Debug|Any CPU
		{81621B0B-B451-4951-8829-C714A170110E}.Release|Any CPU.ActiveCfg = Release|Any CPU
		{81621B0B-B451-4951-8829-C714A170110E}.Release|Any CPU.Build.0 = Release|Any CPU
		{F68F2B62-DC3E-453C-A7BC-54A788DECC99}.Debug|Any CPU.ActiveCfg = Debug|Any CPU
		{F68F2B62-DC3E-453C-A7BC-54A788DECC99}.Debug|Any CPU.Build.0 = Debug|Any CPU
		{F68F2B62-DC3E-453C-A7BC-54A788DECC99}.Release|Any CPU.ActiveCfg = Release|Any CPU
		{F68F2B62-DC3E-453C-A7BC-54A788DECC99}.Release|Any CPU.Build.0 = Release|Any CPU
		{D91F67D9-A481-45FB-A63C-BBBCE1CD0D9C}.Debug|Any CPU.ActiveCfg = Debug|Any CPU
		{D91F67D9-A481-45FB-A63C-BBBCE1CD0D9C}.Debug|Any CPU.Build.0 = Debug|Any CPU
		{D91F67D9-A481-45FB-A63C-BBBCE1CD0D9C}.Release|Any CPU.ActiveCfg = Release|Any CPU
		{D91F67D9-A481-45FB-A63C-BBBCE1CD0D9C}.Release|Any CPU.Build.0 = Release|Any CPU
		{476EFA25-8A85-4E03-A143-700ACF11542B}.Debug|Any CPU.ActiveCfg = Debug|Any CPU
		{476EFA25-8A85-4E03-A143-700ACF11542B}.Debug|Any CPU.Build.0 = Debug|Any CPU
		{476EFA25-8A85-4E03-A143-700ACF11542B}.Release|Any CPU.ActiveCfg = Release|Any CPU
		{476EFA25-8A85-4E03-A143-700ACF11542B}.Release|Any CPU.Build.0 = Release|Any CPU
		{97993A17-C0EE-4736-8561-0FF803148695}.Debug|Any CPU.ActiveCfg = Debug|Any CPU
		{97993A17-C0EE-4736-8561-0FF803148695}.Debug|Any CPU.Build.0 = Debug|Any CPU
		{97993A17-C0EE-4736-8561-0FF803148695}.Release|Any CPU.ActiveCfg = Release|Any CPU
		{97993A17-C0EE-4736-8561-0FF803148695}.Release|Any CPU.Build.0 = Release|Any CPU
		{68150807-FC87-4086-B90B-F2D004C6F09F}.Debug|Any CPU.ActiveCfg = Debug|Any CPU
		{68150807-FC87-4086-B90B-F2D004C6F09F}.Debug|Any CPU.Build.0 = Debug|Any CPU
		{68150807-FC87-4086-B90B-F2D004C6F09F}.Release|Any CPU.ActiveCfg = Release|Any CPU
		{68150807-FC87-4086-B90B-F2D004C6F09F}.Release|Any CPU.Build.0 = Release|Any CPU
		{11E62463-7E73-4CF5-939B-A0FE17EB77A5}.Debug|Any CPU.ActiveCfg = Debug|Any CPU
		{11E62463-7E73-4CF5-939B-A0FE17EB77A5}.Debug|Any CPU.Build.0 = Debug|Any CPU
		{11E62463-7E73-4CF5-939B-A0FE17EB77A5}.Release|Any CPU.ActiveCfg = Release|Any CPU
		{11E62463-7E73-4CF5-939B-A0FE17EB77A5}.Release|Any CPU.Build.0 = Release|Any CPU
		{96CA844B-A679-4634-B7C5-D727FF855B62}.Debug|Any CPU.ActiveCfg = Debug|Any CPU
		{96CA844B-A679-4634-B7C5-D727FF855B62}.Debug|Any CPU.Build.0 = Debug|Any CPU
		{96CA844B-A679-4634-B7C5-D727FF855B62}.Release|Any CPU.ActiveCfg = Release|Any CPU
		{96CA844B-A679-4634-B7C5-D727FF855B62}.Release|Any CPU.Build.0 = Release|Any CPU
	EndGlobalSection
	GlobalSection(SolutionProperties) = preSolution
		HideSolutionNode = FALSE
	EndGlobalSection
	GlobalSection(ExtensibilityGlobals) = postSolution
		SolutionGuid = {0820AA67-FC00-4ECC-9F20-6DA18D248445}
	EndGlobalSection
EndGlobal
